// !$*UTF8*$!
{
	archiveVersion = 1;
	classes = {
	};
	objectVersion = 52;
	objects = {

/* Begin PBXBuildFile section */
		95A57F572538897C00B6B5FB /* TestUDPApp.swift in Sources */ = {isa = PBXBuildFile; fileRef = 95A57F562538897C00B6B5FB /* TestUDPApp.swift */; };
		95A57F592538897C00B6B5FB /* ContentView.swift in Sources */ = {isa = PBXBuildFile; fileRef = 95A57F582538897C00B6B5FB /* ContentView.swift */; };
		95A57F5B2538897D00B6B5FB /* Assets.xcassets in Resources */ = {isa = PBXBuildFile; fileRef = 95A57F5A2538897D00B6B5FB /* Assets.xcassets */; };
		95A57F5E2538897D00B6B5FB /* Preview Assets.xcassets in Resources */ = {isa = PBXBuildFile; fileRef = 95A57F5D2538897D00B6B5FB /* Preview Assets.xcassets */; };
		95A57F68253889AB00B6B5FB /* NIOConcurrencyHelpers in Frameworks */ = {isa = PBXBuildFile; productRef = 95A57F67253889AB00B6B5FB /* NIOConcurrencyHelpers */; };
		95A57F6A253889AB00B6B5FB /* NIO in Frameworks */ = {isa = PBXBuildFile; productRef = 95A57F69253889AB00B6B5FB /* NIO */; };
		95A57F6D253889B500B6B5FB /* UDPServer.swift in Sources */ = {isa = PBXBuildFile; fileRef = 95A57F6C253889B500B6B5FB /* UDPServer.swift */; };
/* End PBXBuildFile section */

/* Begin PBXFileReference section */
		95A57F532538897C00B6B5FB /* TestUDP.app */ = {isa = PBXFileReference; explicitFileType = wrapper.application; includeInIndex = 0; path = TestUDP.app; sourceTree = BUILT_PRODUCTS_DIR; };
		95A57F562538897C00B6B5FB /* TestUDPApp.swift */ = {isa = PBXFileReference; lastKnownFileType = sourcecode.swift; path = TestUDPApp.swift; sourceTree = "<group>"; };
		95A57F582538897C00B6B5FB /* ContentView.swift */ = {isa = PBXFileReference; lastKnownFileType = sourcecode.swift; path = ContentView.swift; sourceTree = "<group>"; };
		95A57F5A2538897D00B6B5FB /* Assets.xcassets */ = {isa = PBXFileReference; lastKnownFileType = folder.assetcatalog; path = Assets.xcassets; sourceTree = "<group>"; };
		95A57F5D2538897D00B6B5FB /* Preview Assets.xcassets */ = {isa = PBXFileReference; lastKnownFileType = folder.assetcatalog; path = "Preview Assets.xcassets"; sourceTree = "<group>"; };
		95A57F5F2538897D00B6B5FB /* Info.plist */ = {isa = PBXFileReference; lastKnownFileType = text.plist.xml; path = Info.plist; sourceTree = "<group>"; };
		95A57F6C253889B500B6B5FB /* UDPServer.swift */ = {isa = PBXFileReference; lastKnownFileType = sourcecode.swift; path = UDPServer.swift; sourceTree = "<group>"; };
/* End PBXFileReference section */

/* Begin PBXFrameworksBuildPhase section */
		95A57F502538897C00B6B5FB /* Frameworks */ = {
			isa = PBXFrameworksBuildPhase;
			buildActionMask = 2147483647;
			files = (
				95A57F68253889AB00B6B5FB /* NIOConcurrencyHelpers in Frameworks */,
				95A57F6A253889AB00B6B5FB /* NIO in Frameworks */,
			);
			runOnlyForDeploymentPostprocessing = 0;
		};
/* End PBXFrameworksBuildPhase section */

/* Begin PBXGroup section */
		95A57F4A2538897C00B6B5FB = {
			isa = PBXGroup;
			children = (
				95A57F552538897C00B6B5FB /* TestUDP */,
				95A57F542538897C00B6B5FB /* Products */,
			);
			sourceTree = "<group>";
		};
		95A57F542538897C00B6B5FB /* Products */ = {
			isa = PBXGroup;
			children = (
				95A57F532538897C00B6B5FB /* TestUDP.app */,
			);
			name = Products;
			sourceTree = "<group>";
		};
		95A57F552538897C00B6B5FB /* TestUDP */ = {
			isa = PBXGroup;
			children = (
				95A57F562538897C00B6B5FB /* TestUDPApp.swift */,
				95A57F582538897C00B6B5FB /* ContentView.swift */,
				95A57F5A2538897D00B6B5FB /* Assets.xcassets */,
				95A57F5F2538897D00B6B5FB /* Info.plist */,
				95A57F5C2538897D00B6B5FB /* Preview Content */,
				95A57F6C253889B500B6B5FB /* UDPServer.swift */,
			);
			path = TestUDP;
			sourceTree = "<group>";
		};
		95A57F5C2538897D00B6B5FB /* Preview Content */ = {
			isa = PBXGroup;
			children = (
				95A57F5D2538897D00B6B5FB /* Preview Assets.xcassets */,
			);
			path = "Preview Content";
			sourceTree = "<group>";
		};
/* End PBXGroup section */

/* Begin PBXNativeTarget section */
		95A57F522538897C00B6B5FB /* TestUDP */ = {
			isa = PBXNativeTarget;
			buildConfigurationList = 95A57F622538897D00B6B5FB /* Build configuration list for PBXNativeTarget "TestUDP" */;
			buildPhases = (
				95A57F4F2538897C00B6B5FB /* Sources */,
				95A57F502538897C00B6B5FB /* Frameworks */,
				95A57F512538897C00B6B5FB /* Resources */,
			);
			buildRules = (
			);
			dependencies = (
			);
			name = TestUDP;
			packageProductDependencies = (
				95A57F67253889AB00B6B5FB /* NIOConcurrencyHelpers */,
				95A57F69253889AB00B6B5FB /* NIO */,
			);
			productName = TestUDP;
			productReference = 95A57F532538897C00B6B5FB /* TestUDP.app */;
			productType = "com.apple.product-type.application";
		};
/* End PBXNativeTarget section */

/* Begin PBXProject section */
		95A57F4B2538897C00B6B5FB /* Project object */ = {
			isa = PBXProject;
			attributes = {
				LastSwiftUpdateCheck = 1200;
				LastUpgradeCheck = 1200;
				TargetAttributes = {
					95A57F522538897C00B6B5FB = {
						CreatedOnToolsVersion = 12.0.1;
					};
				};
			};
			buildConfigurationList = 95A57F4E2538897C00B6B5FB /* Build configuration list for PBXProject "TestUDP" */;
			compatibilityVersion = "Xcode 9.3";
			developmentRegion = en;
			hasScannedForEncodings = 0;
			knownRegions = (
				en,
				Base,
			);
			mainGroup = 95A57F4A2538897C00B6B5FB;
			packageReferences = (
				95A57F66253889AB00B6B5FB /* XCRemoteSwiftPackageReference "swift-nio" */,
			);
			productRefGroup = 95A57F542538897C00B6B5FB /* Products */;
			projectDirPath = "";
			projectRoot = "";
			targets = (
				95A57F522538897C00B6B5FB /* TestUDP */,
			);
		};
/* End PBXProject section */

/* Begin PBXResourcesBuildPhase section */
		95A57F512538897C00B6B5FB /* Resources */ = {
			isa = PBXResourcesBuildPhase;
			buildActionMask = 2147483647;
			files = (
				95A57F5E2538897D00B6B5FB /* Preview Assets.xcassets in Resources */,
				95A57F5B2538897D00B6B5FB /* Assets.xcassets in Resources */,
			);
			runOnlyForDeploymentPostprocessing = 0;
		};
/* End PBXResourcesBuildPhase section */

/* Begin PBXSourcesBuildPhase section */
		95A57F4F2538897C00B6B5FB /* Sources */ = {
			isa = PBXSourcesBuildPhase;
			buildActionMask = 2147483647;
			files = (
				95A57F592538897C00B6B5FB /* ContentView.swift in Sources */,
				95A57F572538897C00B6B5FB /* TestUDPApp.swift in Sources */,
				95A57F6D253889B500B6B5FB /* UDPServer.swift in Sources */,
			);
			runOnlyForDeploymentPostprocessing = 0;
		};
/* End PBXSourcesBuildPhase section */

/* Begin XCBuildConfiguration section */
		95A57F602538897D00B6B5FB /* Debug */ = {
			isa = XCBuildConfiguration;
			buildSettings = {
				ALWAYS_SEARCH_USER_PATHS = NO;
				CLANG_ANALYZER_NONNULL = YES;
				CLANG_ANALYZER_NUMBER_OBJECT_CONVERSION = YES_AGGRESSIVE;
				CLANG_CXX_LANGUAGE_STANDARD = "gnu++14";
				CLANG_CXX_LIBRARY = "libc++";
				CLANG_ENABLE_MODULES = YES;
				CLANG_ENABLE_OBJC_ARC = YES;
				CLANG_ENABLE_OBJC_WEAK = YES;
				CLANG_WARN_BLOCK_CAPTURE_AUTORELEASING = YES;
				CLANG_WARN_BOOL_CONVERSION = YES;
				CLANG_WARN_COMMA = YES;
				CLANG_WARN_CONSTANT_CONVERSION = YES;
				CLANG_WARN_DEPRECATED_OBJC_IMPLEMENTATIONS = YES;
				CLANG_WARN_DIRECT_OBJC_ISA_USAGE = YES_ERROR;
				CLANG_WARN_DOCUMENTATION_COMMENTS = YES;
				CLANG_WARN_EMPTY_BODY = YES;
				CLANG_WARN_ENUM_CONVERSION = YES;
				CLANG_WARN_INFINITE_RECURSION = YES;
				CLANG_WARN_INT_CONVERSION = YES;
				CLANG_WARN_NON_LITERAL_NULL_CONVERSION = YES;
				CLANG_WARN_OBJC_IMPLICIT_RETAIN_SELF = YES;
				CLANG_WARN_OBJC_LITERAL_CONVERSION = YES;
				CLANG_WARN_OBJC_ROOT_CLASS = YES_ERROR;
				CLANG_WARN_QUOTED_INCLUDE_IN_FRAMEWORK_HEADER = YES;
				CLANG_WARN_RANGE_LOOP_ANALYSIS = YES;
				CLANG_WARN_STRICT_PROTOTYPES = YES;
				CLANG_WARN_SUSPICIOUS_MOVE = YES;
				CLANG_WARN_UNGUARDED_AVAILABILITY = YES_AGGRESSIVE;
				CLANG_WARN_UNREACHABLE_CODE = YES;
				CLANG_WARN__DUPLICATE_METHOD_MATCH = YES;
				COPY_PHASE_STRIP = NO;
				DEBUG_INFORMATION_FORMAT = dwarf;
				ENABLE_STRICT_OBJC_MSGSEND = YES;
				ENABLE_TESTABILITY = YES;
				GCC_C_LANGUAGE_STANDARD = gnu11;
				GCC_DYNAMIC_NO_PIC = NO;
				GCC_NO_COMMON_BLOCKS = YES;
				GCC_OPTIMIZATION_LEVEL = 0;
				GCC_PREPROCESSOR_DEFINITIONS = (
					"DEBUG=1",
					"$(inherited)",
				);
				GCC_WARN_64_TO_32_BIT_CONVERSION = YES;
				GCC_WARN_ABOUT_RETURN_TYPE = YES_ERROR;
				GCC_WARN_UNDECLARED_SELECTOR = YES;
				GCC_WARN_UNINITIALIZED_AUTOS = YES_AGGRESSIVE;
				GCC_WARN_UNUSED_FUNCTION = YES;
				GCC_WARN_UNUSED_VARIABLE = YES;
				IPHONEOS_DEPLOYMENT_TARGET = 14.0;
				MTL_ENABLE_DEBUG_INFO = INCLUDE_SOURCE;
				MTL_FAST_MATH = YES;
				ONLY_ACTIVE_ARCH = YES;
				SDKROOT = iphoneos;
				SWIFT_ACTIVE_COMPILATION_CONDITIONS = DEBUG;
				SWIFT_OPTIMIZATION_LEVEL = "-Onone";
			};
			name = Debug;
		};
		95A57F612538897D00B6B5FB /* Release */ = {
			isa = XCBuildConfiguration;
			buildSettings = {
				ALWAYS_SEARCH_USER_PATHS = NO;
				CLANG_ANALYZER_NONNULL = YES;
				CLANG_ANALYZER_NUMBER_OBJECT_CONVERSION = YES_AGGRESSIVE;
				CLANG_CXX_LANGUAGE_STANDARD = "gnu++14";
				CLANG_CXX_LIBRARY = "libc++";
				CLANG_ENABLE_MODULES = YES;
				CLANG_ENABLE_OBJC_ARC = YES;
				CLANG_ENABLE_OBJC_WEAK = YES;
				CLANG_WARN_BLOCK_CAPTURE_AUTORELEASING = YES;
				CLANG_WARN_BOOL_CONVERSION = YES;
				CLANG_WARN_COMMA = YES;
				CLANG_WARN_CONSTANT_CONVERSION = YES;
				CLANG_WARN_DEPRECATED_OBJC_IMPLEMENTATIONS = YES;
				CLANG_WARN_DIRECT_OBJC_ISA_USAGE = YES_ERROR;
				CLANG_WARN_DOCUMENTATION_COMMENTS = YES;
				CLANG_WARN_EMPTY_BODY = YES;
				CLANG_WARN_ENUM_CONVERSION = YES;
				CLANG_WARN_INFINITE_RECURSION = YES;
				CLANG_WARN_INT_CONVERSION = YES;
				CLANG_WARN_NON_LITERAL_NULL_CONVERSION = YES;
				CLANG_WARN_OBJC_IMPLICIT_RETAIN_SELF = YES;
				CLANG_WARN_OBJC_LITERAL_CONVERSION = YES;
				CLANG_WARN_OBJC_ROOT_CLASS = YES_ERROR;
				CLANG_WARN_QUOTED_INCLUDE_IN_FRAMEWORK_HEADER = YES;
				CLANG_WARN_RANGE_LOOP_ANALYSIS = YES;
				CLANG_WARN_STRICT_PROTOTYPES = YES;
				CLANG_WARN_SUSPICIOUS_MOVE = YES;
				CLANG_WARN_UNGUARDED_AVAILABILITY = YES_AGGRESSIVE;
				CLANG_WARN_UNREACHABLE_CODE = YES;
				CLANG_WARN__DUPLICATE_METHOD_MATCH = YES;
				COPY_PHASE_STRIP = NO;
				DEBUG_INFORMATION_FORMAT = "dwarf-with-dsym";
				ENABLE_NS_ASSERTIONS = NO;
				ENABLE_STRICT_OBJC_MSGSEND = YES;
				GCC_C_LANGUAGE_STANDARD = gnu11;
				GCC_NO_COMMON_BLOCKS = YES;
				GCC_WARN_64_TO_32_BIT_CONVERSION = YES;
				GCC_WARN_ABOUT_RETURN_TYPE = YES_ERROR;
				GCC_WARN_UNDECLARED_SELECTOR = YES;
				GCC_WARN_UNINITIALIZED_AUTOS = YES_AGGRESSIVE;
				GCC_WARN_UNUSED_FUNCTION = YES;
				GCC_WARN_UNUSED_VARIABLE = YES;
				IPHONEOS_DEPLOYMENT_TARGET = 14.0;
				MTL_ENABLE_DEBUG_INFO = NO;
				MTL_FAST_MATH = YES;
				SDKROOT = iphoneos;
				SWIFT_COMPILATION_MODE = wholemodule;
				SWIFT_OPTIMIZATION_LEVEL = "-O";
				VALIDATE_PRODUCT = YES;
			};
			name = Release;
		};
		95A57F632538897D00B6B5FB /* Debug */ = {
			isa = XCBuildConfiguration;
			buildSettings = {
				ASSETCATALOG_COMPILER_APPICON_NAME = AppIcon;
				ASSETCATALOG_COMPILER_GLOBAL_ACCENT_COLOR_NAME = AccentColor;
				CODE_SIGN_STYLE = Automatic;
				DEVELOPMENT_ASSET_PATHS = "\"TestUDP/Preview Content\"";
				DEVELOPMENT_TEAM = BVC62Z6K38;
				ENABLE_PREVIEWS = YES;
				INFOPLIST_FILE = TestUDP/Info.plist;
				IPHONEOS_DEPLOYMENT_TARGET = 14.0;
				LD_RUNPATH_SEARCH_PATHS = (
					"$(inherited)",
					"@executable_path/Frameworks",
				);
				PRODUCT_BUNDLE_IDENTIFIER = pl.extollite.TestUDP;
				PRODUCT_NAME = "$(TARGET_NAME)";
				SWIFT_VERSION = 5.0;
				TARGETED_DEVICE_FAMILY = "1,2";
			};
			name = Debug;
		};
		95A57F642538897D00B6B5FB /* Release */ = {
			isa = XCBuildConfiguration;
			buildSettings = {
				ASSETCATALOG_COMPILER_APPICON_NAME = AppIcon;
				ASSETCATALOG_COMPILER_GLOBAL_ACCENT_COLOR_NAME = AccentColor;
				CODE_SIGN_STYLE = Automatic;
				DEVELOPMENT_ASSET_PATHS = "\"TestUDP/Preview Content\"";
				DEVELOPMENT_TEAM = BVC62Z6K38;
				ENABLE_PREVIEWS = YES;
				INFOPLIST_FILE = TestUDP/Info.plist;
				IPHONEOS_DEPLOYMENT_TARGET = 14.0;
				LD_RUNPATH_SEARCH_PATHS = (
					"$(inherited)",
					"@executable_path/Frameworks",
				);
				PRODUCT_BUNDLE_IDENTIFIER = pl.extollite.TestUDP;
				PRODUCT_NAME = "$(TARGET_NAME)";
				SWIFT_VERSION = 5.0;
				TARGETED_DEVICE_FAMILY = "1,2";
			};
			name = Release;
		};
/* End XCBuildConfiguration section */

/* Begin XCConfigurationList section */
		95A57F4E2538897C00B6B5FB /* Build configuration list for PBXProject "TestUDP" */ = {
			isa = XCConfigurationList;
			buildConfigurations = (
				95A57F602538897D00B6B5FB /* Debug */,
				95A57F612538897D00B6B5FB /* Release */,
			);
			defaultConfigurationIsVisible = 0;
			defaultConfigurationName = Release;
		};
		95A57F622538897D00B6B5FB /* Build configuration list for PBXNativeTarget "TestUDP" */ = {
			isa = XCConfigurationList;
			buildConfigurations = (
				95A57F632538897D00B6B5FB /* Debug */,
				95A57F642538897D00B6B5FB /* Release */,
			);
			defaultConfigurationIsVisible = 0;
			defaultConfigurationName = Release;
		};
/* End XCConfigurationList section */

/* Begin XCRemoteSwiftPackageReference section */
		95A57F66253889AB00B6B5FB /* XCRemoteSwiftPackageReference "swift-nio" */ = {
			isa = XCRemoteSwiftPackageReference;
			repositoryURL = "https://github.com/apple/swift-nio.git";
			requirement = {
				kind = upToNextMajorVersion;
				minimumVersion = 2.23.0;
			};
		};
/* End XCRemoteSwiftPackageReference section */

/* Begin XCSwiftPackageProductDependency section */
		95A57F67253889AB00B6B5FB /* NIOConcurrencyHelpers */ = {
			isa = XCSwiftPackageProductDependency;
			package = 95A57F66253889AB00B6B5FB /* XCRemoteSwiftPackageReference "swift-nio" */;
			productName = NIOConcurrencyHelpers;
		};
		95A57F69253889AB00B6B5FB /* NIO */ = {
			isa = XCSwiftPackageProductDependency;
			package = 95A57F66253889AB00B6B5FB /* XCRemoteSwiftPackageReference "swift-nio" */;
			productName = NIO;
		};
/* End XCSwiftPackageProductDependency section */
	};
	rootObject = 95A57F4B2538897C00B6B5FB /* Project object */;
}
